// !$*UTF8*$!
{
	archiveVersion = 1;
	classes = {
	};
	objectVersion = 56;
	objects = {

/* Begin PBXBuildFile section */
		77B8134B2D3644D1004AC43D /* AppDelegate.m in Sources */ = {isa = PBXBuildFile; fileRef = 77B8134A2D3644D1004AC43D /* AppDelegate.m */; };
		77B8134E2D3644D1004AC43D /* SceneDelegate.m in Sources */ = {isa = PBXBuildFile; fileRef = 77B8134D2D3644D1004AC43D /* SceneDelegate.m */; };
		77B813542D3644D1004AC43D /* Base in Resources */ = {isa = PBXBuildFile; fileRef = 77B813532D3644D1004AC43D /* Base */; };
		77B813562D3644D3004AC43D /* Assets.xcassets in Resources */ = {isa = PBXBuildFile; fileRef = 77B813552D3644D3004AC43D /* Assets.xcassets */; };
		77B813592D3644D3004AC43D /* Base in Resources */ = {isa = PBXBuildFile; fileRef = 77B813582D3644D3004AC43D /* Base */; };
		77B8135C2D3644D3004AC43D /* main.m in Sources */ = {isa = PBXBuildFile; fileRef = 77B8135B2D3644D3004AC43D /* main.m */; };
		77B813752D3646BE004AC43D /* APIClient.m in Sources */ = {isa = PBXBuildFile; fileRef = 77B813742D3646BE004AC43D /* APIClient.m */; };
		77B813962D364A40004AC43D /* DiscoverViewController.m in Sources */ = {isa = PBXBuildFile; fileRef = 77B8138A2D364A40004AC43D /* DiscoverViewController.m */; };
		77B813972D364A40004AC43D /* HomeViewController.m in Sources */ = {isa = PBXBuildFile; fileRef = 77B8138D2D364A40004AC43D /* HomeViewController.m */; };
		77B813982D364A40004AC43D /* ProfileViewController.m in Sources */ = {isa = PBXBuildFile; fileRef = 77B813902D364A40004AC43D /* ProfileViewController.m */; };
		77B813992D364A40004AC43D /* MainTabBarController.m in Sources */ = {isa = PBXBuildFile; fileRef = 77B813932D364A40004AC43D /* MainTabBarController.m */; };
		77B8139D2D364BDD004AC43D /* BaseViewController.m in Sources */ = {isa = PBXBuildFile; fileRef = 77B8139C2D364BDD004AC43D /* BaseViewController.m */; };
/* End PBXBuildFile section */

/* Begin PBXFileReference section */
		77B813462D3644D1004AC43D /* Tracker.app */ = {isa = PBXFileReference; explicitFileType = wrapper.application; includeInIndex = 0; path = Tracker.app; sourceTree = BUILT_PRODUCTS_DIR; };
		77B813492D3644D1004AC43D /* AppDelegate.h */ = {isa = PBXFileReference; lastKnownFileType = sourcecode.c.h; path = AppDelegate.h; sourceTree = "<group>"; };
		77B8134A2D3644D1004AC43D /* AppDelegate.m */ = {isa = PBXFileReference; lastKnownFileType = sourcecode.c.objc; path = AppDelegate.m; sourceTree = "<group>"; };
		77B8134C2D3644D1004AC43D /* SceneDelegate.h */ = {isa = PBXFileReference; lastKnownFileType = sourcecode.c.h; path = SceneDelegate.h; sourceTree = "<group>"; };
		77B8134D2D3644D1004AC43D /* SceneDelegate.m */ = {isa = PBXFileReference; lastKnownFileType = sourcecode.c.objc; path = SceneDelegate.m; sourceTree = "<group>"; };
		77B813532D3644D1004AC43D /* Base */ = {isa = PBXFileReference; lastKnownFileType = file.storyboard; name = Base; path = Base.lproj/Main.storyboard; sourceTree = "<group>"; };
		77B813552D3644D3004AC43D /* Assets.xcassets */ = {isa = PBXFileReference; lastKnownFileType = folder.assetcatalog; path = Assets.xcassets; sourceTree = "<group>"; };
		77B813582D3644D3004AC43D /* Base */ = {isa = PBXFileReference; lastKnownFileType = file.storyboard; name = Base; path = Base.lproj/LaunchScreen.storyboard; sourceTree = "<group>"; };
		77B8135A2D3644D3004AC43D /* Info.plist */ = {isa = PBXFileReference; lastKnownFileType = text.plist.xml; path = Info.plist; sourceTree = "<group>"; };
		77B8135B2D3644D3004AC43D /* main.m */ = {isa = PBXFileReference; lastKnownFileType = sourcecode.c.objc; path = main.m; sourceTree = "<group>"; };
		77B813732D3646BE004AC43D /* APIClient.h */ = {isa = PBXFileReference; lastKnownFileType = sourcecode.c.h; path = APIClient.h; sourceTree = "<group>"; };
		77B813742D3646BE004AC43D /* APIClient.m */ = {isa = PBXFileReference; lastKnownFileType = sourcecode.c.objc; path = APIClient.m; sourceTree = "<group>"; };
		77B813762D3646E3004AC43D /* README.md */ = {isa = PBXFileReference; lastKnownFileType = net.daringfireball.markdown; path = README.md; sourceTree = "<group>"; };
		77B813772D364742004AC43D /* Release.xcconfig */ = {isa = PBXFileReference; lastKnownFileType = text.xcconfig; path = Release.xcconfig; sourceTree = "<group>"; };
		77B813782D36474F004AC43D /* Debug.xcconfig */ = {isa = PBXFileReference; lastKnownFileType = text.xcconfig; path = Debug.xcconfig; sourceTree = "<group>"; };
		77B813892D364A40004AC43D /* DiscoverViewController.h */ = {isa = PBXFileReference; fileEncoding = 4; lastKnownFileType = sourcecode.c.h; path = DiscoverViewController.h; sourceTree = "<group>"; };
		77B8138A2D364A40004AC43D /* DiscoverViewController.m */ = {isa = PBXFileReference; fileEncoding = 4; lastKnownFileType = sourcecode.c.objc; path = DiscoverViewController.m; sourceTree = "<group>"; };
		77B8138C2D364A40004AC43D /* HomeViewController.h */ = {isa = PBXFileReference; fileEncoding = 4; lastKnownFileType = sourcecode.c.h; path = HomeViewController.h; sourceTree = "<group>"; };
		77B8138D2D364A40004AC43D /* HomeViewController.m */ = {isa = PBXFileReference; fileEncoding = 4; lastKnownFileType = sourcecode.c.objc; path = HomeViewController.m; sourceTree = "<group>"; };
		77B8138F2D364A40004AC43D /* ProfileViewController.h */ = {isa = PBXFileReference; fileEncoding = 4; lastKnownFileType = sourcecode.c.h; path = ProfileViewController.h; sourceTree = "<group>"; };
		77B813902D364A40004AC43D /* ProfileViewController.m */ = {isa = PBXFileReference; fileEncoding = 4; lastKnownFileType = sourcecode.c.objc; path = ProfileViewController.m; sourceTree = "<group>"; };
		77B813922D364A40004AC43D /* MainTabBarController.h */ = {isa = PBXFileReference; fileEncoding = 4; lastKnownFileType = sourcecode.c.h; path = MainTabBarController.h; sourceTree = "<group>"; };
		77B813932D364A40004AC43D /* MainTabBarController.m */ = {isa = PBXFileReference; fileEncoding = 4; lastKnownFileType = sourcecode.c.objc; path = MainTabBarController.m; sourceTree = "<group>"; };
		77B8139B2D364BDD004AC43D /* BaseViewController.h */ = {isa = PBXFileReference; lastKnownFileType = sourcecode.c.h; path = BaseViewController.h; sourceTree = "<group>"; };
		77B8139C2D364BDD004AC43D /* BaseViewController.m */ = {isa = PBXFileReference; lastKnownFileType = sourcecode.c.objc; path = BaseViewController.m; sourceTree = "<group>"; };
/* End PBXFileReference section */

/* Begin PBXFrameworksBuildPhase section */
		77B813432D3644D1004AC43D /* Frameworks */ = {
			isa = PBXFrameworksBuildPhase;
			buildActionMask = 2147483647;
			files = (
			);
			runOnlyForDeploymentPostprocessing = 0;
		};
/* End PBXFrameworksBuildPhase section */

/* Begin PBXGroup section */
		77B8133D2D3644D1004AC43D = {
			isa = PBXGroup;
			children = (
				77B813472D3644D1004AC43D /* Products */,
				77B813482D3644D1004AC43D /* Tracker */,
			);
			sourceTree = "<group>";
		};
		77B813472D3644D1004AC43D /* Products */ = {
			isa = PBXGroup;
			children = (
				77B813462D3644D1004AC43D /* Tracker.app */,
			);
			name = Products;
			sourceTree = "<group>";
		};
		77B813482D3644D1004AC43D /* Tracker */ = {
			isa = PBXGroup;
			children = (
				77B8136B2D364665004AC43D /* Classes */,
				77B813692D364655004AC43D /* Config */,
				77B8136A2D36465C004AC43D /* Networking */,
				77B813672D364639004AC43D /* Resources */,
				77B813682D36464E004AC43D /* ThirdParty */,
				77B813492D3644D1004AC43D /* AppDelegate.h */,
				77B8134A2D3644D1004AC43D /* AppDelegate.m */,
				77B8135A2D3644D3004AC43D /* Info.plist */,
				77B813572D3644D3004AC43D /* LaunchScreen.storyboard */,
				77B813522D3644D1004AC43D /* Main.storyboard */,
				77B8134C2D3644D1004AC43D /* SceneDelegate.h */,
				77B8134D2D3644D1004AC43D /* SceneDelegate.m */,
				77B8135B2D3644D3004AC43D /* main.m */,
			);
			path = Tracker;
			sourceTree = "<group>";
		};
		77B813672D364639004AC43D /* Resources */ = {
			isa = PBXGroup;
			children = (
				77B813552D3644D3004AC43D /* Assets.xcassets */,
			);
			path = Resources;
			sourceTree = "<group>";
		};
		77B813682D36464E004AC43D /* ThirdParty */ = {
			isa = PBXGroup;
			children = (
				77B813762D3646E3004AC43D /* README.md */,
			);
			path = ThirdParty;
			sourceTree = "<group>";
		};
		77B813692D364655004AC43D /* Config */ = {
			isa = PBXGroup;
			children = (
				77B813782D36474F004AC43D /* Debug.xcconfig */,
				77B813772D364742004AC43D /* Release.xcconfig */,
			);
			path = Config;
			sourceTree = "<group>";
		};
		77B8136A2D36465C004AC43D /* Networking */ = {
			isa = PBXGroup;
			children = (
				77B813732D3646BE004AC43D /* APIClient.h */,
				77B813742D3646BE004AC43D /* APIClient.m */,
			);
			path = Networking;
			sourceTree = "<group>";
		};
		77B8136B2D364665004AC43D /* Classes */ = {
			isa = PBXGroup;
			children = (
				77B813952D364A40004AC43D /* Controllers */,
				77B813722D3646AE004AC43D /* Extensions */,
				77B813712D3646A7004AC43D /* Helpers */,
				77B8136C2D36467A004AC43D /* Models */,
				77B813702D3646A1004AC43D /* Services */,
				77B8136F2D364697004AC43D /* ViewModels */,
				77B8136D2D364684004AC43D /* Views */,
			);
			path = Classes;
			sourceTree = "<group>";
		};
		77B8136C2D36467A004AC43D /* Models */ = {
			isa = PBXGroup;
			children = (
			);
			path = Models;
			sourceTree = "<group>";
		};
		77B8136D2D364684004AC43D /* Views */ = {
			isa = PBXGroup;
			children = (
			);
			path = Views;
			sourceTree = "<group>";
		};
		77B8136F2D364697004AC43D /* ViewModels */ = {
			isa = PBXGroup;
			children = (
			);
			path = ViewModels;
			sourceTree = "<group>";
		};
		77B813702D3646A1004AC43D /* Services */ = {
			isa = PBXGroup;
			children = (
			);
			path = Services;
			sourceTree = "<group>";
		};
		77B813712D3646A7004AC43D /* Helpers */ = {
			isa = PBXGroup;
			children = (
			);
			path = Helpers;
			sourceTree = "<group>";
		};
		77B813722D3646AE004AC43D /* Extensions */ = {
			isa = PBXGroup;
			children = (
			);
			path = Extensions;
			sourceTree = "<group>";
		};
		77B8138B2D364A40004AC43D /* Discover */ = {
			isa = PBXGroup;
			children = (
				77B813892D364A40004AC43D /* DiscoverViewController.h */,
				77B8138A2D364A40004AC43D /* DiscoverViewController.m */,
			);
			path = Discover;
			sourceTree = "<group>";
		};
		77B8138E2D364A40004AC43D /* Home */ = {
			isa = PBXGroup;
			children = (
				77B8138C2D364A40004AC43D /* HomeViewController.h */,
				77B8138D2D364A40004AC43D /* HomeViewController.m */,
			);
			path = Home;
			sourceTree = "<group>";
		};
		77B813912D364A40004AC43D /* Profile */ = {
			isa = PBXGroup;
			children = (
				77B8138F2D364A40004AC43D /* ProfileViewController.h */,
				77B813902D364A40004AC43D /* ProfileViewController.m */,
			);
			path = Profile;
			sourceTree = "<group>";
		};
		77B813942D364A40004AC43D /* TabBarController */ = {
			isa = PBXGroup;
			children = (
				77B813922D364A40004AC43D /* MainTabBarController.h */,
				77B813932D364A40004AC43D /* MainTabBarController.m */,
			);
			path = TabBarController;
			sourceTree = "<group>";
		};
		77B813952D364A40004AC43D /* Controllers */ = {
			isa = PBXGroup;
			children = (
				77B8139A2D364BC3004AC43D /* BaseViewController */,
				77B8138B2D364A40004AC43D /* Discover */,
				77B8138E2D364A40004AC43D /* Home */,
				77B813912D364A40004AC43D /* Profile */,
				77B813942D364A40004AC43D /* TabBarController */,
			);
			path = Controllers;
			sourceTree = "<group>";
		};
		77B8139A2D364BC3004AC43D /* BaseViewController */ = {
			isa = PBXGroup;
			children = (
				77B8139B2D364BDD004AC43D /* BaseViewController.h */,
				77B8139C2D364BDD004AC43D /* BaseViewController.m */,
			);
			path = BaseViewController;
			sourceTree = "<group>";
		};
/* End PBXGroup section */

/* Begin PBXNativeTarget section */
		77B813452D3644D1004AC43D /* Tracker */ = {
			isa = PBXNativeTarget;
			buildConfigurationList = 77B8135F2D3644D3004AC43D /* Build configuration list for PBXNativeTarget "Tracker" */;
			buildPhases = (
				77B813422D3644D1004AC43D /* Sources */,
				77B813432D3644D1004AC43D /* Frameworks */,
				77B813442D3644D1004AC43D /* Resources */,
			);
			buildRules = (
			);
			dependencies = (
			);
			name = Tracker;
			productName = Tracker;
			productReference = 77B813462D3644D1004AC43D /* Tracker.app */;
			productType = "com.apple.product-type.application";
		};
/* End PBXNativeTarget section */

/* Begin PBXProject section */
		77B8133E2D3644D1004AC43D /* Project object */ = {
			isa = PBXProject;
			attributes = {
				BuildIndependentTargetsInParallel = 1;
				LastUpgradeCheck = 1540;
				TargetAttributes = {
					77B813452D3644D1004AC43D = {
						CreatedOnToolsVersion = 15.4;
					};
				};
			};
			buildConfigurationList = 77B813412D3644D1004AC43D /* Build configuration list for PBXProject "Tracker" */;
			compatibilityVersion = "Xcode 14.0";
			developmentRegion = en;
			hasScannedForEncodings = 0;
			knownRegions = (
				en,
				Base,
			);
			mainGroup = 77B8133D2D3644D1004AC43D;
			productRefGroup = 77B813472D3644D1004AC43D /* Products */;
			projectDirPath = "";
			projectRoot = "";
			targets = (
				77B813452D3644D1004AC43D /* Tracker */,
			);
		};
/* End PBXProject section */

/* Begin PBXResourcesBuildPhase section */
		77B813442D3644D1004AC43D /* Resources */ = {
			isa = PBXResourcesBuildPhase;
			buildActionMask = 2147483647;
			files = (
				77B813562D3644D3004AC43D /* Assets.xcassets in Resources */,
				77B813592D3644D3004AC43D /* Base in Resources */,
				77B813542D3644D1004AC43D /* Base in Resources */,
			);
			runOnlyForDeploymentPostprocessing = 0;
		};
/* End PBXResourcesBuildPhase section */

/* Begin PBXSourcesBuildPhase section */
		77B813422D3644D1004AC43D /* Sources */ = {
			isa = PBXSourcesBuildPhase;
			buildActionMask = 2147483647;
			files = (
				77B813752D3646BE004AC43D /* APIClient.m in Sources */,
				77B8139D2D364BDD004AC43D /* BaseViewController.m in Sources */,
				77B813962D364A40004AC43D /* DiscoverViewController.m in Sources */,
				77B813992D364A40004AC43D /* MainTabBarController.m in Sources */,
				77B813982D364A40004AC43D /* ProfileViewController.m in Sources */,
				77B8134B2D3644D1004AC43D /* AppDelegate.m in Sources */,
				77B8135C2D3644D3004AC43D /* main.m in Sources */,
				77B813972D364A40004AC43D /* HomeViewController.m in Sources */,
				77B8134E2D3644D1004AC43D /* SceneDelegate.m in Sources */,
			);
			runOnlyForDeploymentPostprocessing = 0;
		};
/* End PBXSourcesBuildPhase section */

/* Begin PBXVariantGroup section */
		77B813522D3644D1004AC43D /* Main.storyboard */ = {
			isa = PBXVariantGroup;
			children = (
				77B813532D3644D1004AC43D /* Base */,
			);
			name = Main.storyboard;
			path = .;
			sourceTree = "<group>";
		};
		77B813572D3644D3004AC43D /* LaunchScreen.storyboard */ = {
			isa = PBXVariantGroup;
			children = (
				77B813582D3644D3004AC43D /* Base */,
			);
			name = LaunchScreen.storyboard;
			path = .;
			sourceTree = "<group>";
		};
/* End PBXVariantGroup section */

/* Begin XCBuildConfiguration section */
		77B8135D2D3644D3004AC43D /* Debug */ = {
			isa = XCBuildConfiguration;
			buildSettings = {
				ALWAYS_SEARCH_USER_PATHS = NO;
				ASSETCATALOG_COMPILER_GENERATE_SWIFT_ASSET_SYMBOL_EXTENSIONS = YES;
				CLANG_ANALYZER_NONNULL = YES;
				CLANG_ANALYZER_NUMBER_OBJECT_CONVERSION = YES_AGGRESSIVE;
				CLANG_CXX_LANGUAGE_STANDARD = "gnu++20";
				CLANG_ENABLE_MODULES = YES;
				CLANG_ENABLE_OBJC_ARC = YES;
				CLANG_ENABLE_OBJC_WEAK = YES;
				CLANG_WARN_BLOCK_CAPTURE_AUTORELEASING = YES;
				CLANG_WARN_BOOL_CONVERSION = YES;
				CLANG_WARN_COMMA = YES;
				CLANG_WARN_CONSTANT_CONVERSION = YES;
				CLANG_WARN_DEPRECATED_OBJC_IMPLEMENTATIONS = YES;
				CLANG_WARN_DIRECT_OBJC_ISA_USAGE = YES_ERROR;
				CLANG_WARN_DOCUMENTATION_COMMENTS = YES;
				CLANG_WARN_EMPTY_BODY = YES;
				CLANG_WARN_ENUM_CONVERSION = YES;
				CLANG_WARN_INFINITE_RECURSION = YES;
				CLANG_WARN_INT_CONVERSION = YES;
				CLANG_WARN_NON_LITERAL_NULL_CONVERSION = YES;
				CLANG_WARN_OBJC_IMPLICIT_RETAIN_SELF = YES;
				CLANG_WARN_OBJC_LITERAL_CONVERSION = YES;
				CLANG_WARN_OBJC_ROOT_CLASS = YES_ERROR;
				CLANG_WARN_QUOTED_INCLUDE_IN_FRAMEWORK_HEADER = YES;
				CLANG_WARN_RANGE_LOOP_ANALYSIS = YES;
				CLANG_WARN_STRICT_PROTOTYPES = YES;
				CLANG_WARN_SUSPICIOUS_MOVE = YES;
				CLANG_WARN_UNGUARDED_AVAILABILITY = YES_AGGRESSIVE;
				CLANG_WARN_UNREACHABLE_CODE = YES;
				CLANG_WARN__DUPLICATE_METHOD_MATCH = YES;
				COPY_PHASE_STRIP = NO;
				DEBUG_INFORMATION_FORMAT = dwarf;
				ENABLE_STRICT_OBJC_MSGSEND = YES;
				ENABLE_TESTABILITY = YES;
				ENABLE_USER_SCRIPT_SANDBOXING = YES;
				GCC_C_LANGUAGE_STANDARD = gnu17;
				GCC_DYNAMIC_NO_PIC = NO;
				GCC_NO_COMMON_BLOCKS = YES;
				GCC_OPTIMIZATION_LEVEL = 0;
				GCC_PREPROCESSOR_DEFINITIONS = (
					"DEBUG=1",
					"$(inherited)",
				);
				GCC_WARN_64_TO_32_BIT_CONVERSION = YES;
				GCC_WARN_ABOUT_RETURN_TYPE = YES_ERROR;
				GCC_WARN_UNDECLARED_SELECTOR = YES;
				GCC_WARN_UNINITIALIZED_AUTOS = YES_AGGRESSIVE;
				GCC_WARN_UNUSED_FUNCTION = YES;
				GCC_WARN_UNUSED_VARIABLE = YES;
				IPHONEOS_DEPLOYMENT_TARGET = 17.5;
				LOCALIZATION_PREFERS_STRING_CATALOGS = YES;
				MTL_ENABLE_DEBUG_INFO = INCLUDE_SOURCE;
				MTL_FAST_MATH = YES;
				ONLY_ACTIVE_ARCH = YES;
				SDKROOT = iphoneos;
			};
			name = Debug;
		};
		77B8135E2D3644D3004AC43D /* Release */ = {
			isa = XCBuildConfiguration;
			buildSettings = {
				ALWAYS_SEARCH_USER_PATHS = NO;
				ASSETCATALOG_COMPILER_GENERATE_SWIFT_ASSET_SYMBOL_EXTENSIONS = YES;
				CLANG_ANALYZER_NONNULL = YES;
				CLANG_ANALYZER_NUMBER_OBJECT_CONVERSION = YES_AGGRESSIVE;
				CLANG_CXX_LANGUAGE_STANDARD = "gnu++20";
				CLANG_ENABLE_MODULES = YES;
				CLANG_ENABLE_OBJC_ARC = YES;
				CLANG_ENABLE_OBJC_WEAK = YES;
				CLANG_WARN_BLOCK_CAPTURE_AUTORELEASING = YES;
				CLANG_WARN_BOOL_CONVERSION = YES;
				CLANG_WARN_COMMA = YES;
				CLANG_WARN_CONSTANT_CONVERSION = YES;
				CLANG_WARN_DEPRECATED_OBJC_IMPLEMENTATIONS = YES;
				CLANG_WARN_DIRECT_OBJC_ISA_USAGE = YES_ERROR;
				CLANG_WARN_DOCUMENTATION_COMMENTS = YES;
				CLANG_WARN_EMPTY_BODY = YES;
				CLANG_WARN_ENUM_CONVERSION = YES;
				CLANG_WARN_INFINITE_RECURSION = YES;
				CLANG_WARN_INT_CONVERSION = YES;
				CLANG_WARN_NON_LITERAL_NULL_CONVERSION = YES;
				CLANG_WARN_OBJC_IMPLICIT_RETAIN_SELF = YES;
				CLANG_WARN_OBJC_LITERAL_CONVERSION = YES;
				CLANG_WARN_OBJC_ROOT_CLASS = YES_ERROR;
				CLANG_WARN_QUOTED_INCLUDE_IN_FRAMEWORK_HEADER = YES;
				CLANG_WARN_RANGE_LOOP_ANALYSIS = YES;
				CLANG_WARN_STRICT_PROTOTYPES = YES;
				CLANG_WARN_SUSPICIOUS_MOVE = YES;
				CLANG_WARN_UNGUARDED_AVAILABILITY = YES_AGGRESSIVE;
				CLANG_WARN_UNREACHABLE_CODE = YES;
				CLANG_WARN__DUPLICATE_METHOD_MATCH = YES;
				COPY_PHASE_STRIP = NO;
				DEBUG_INFORMATION_FORMAT = "dwarf-with-dsym";
				ENABLE_NS_ASSERTIONS = NO;
				ENABLE_STRICT_OBJC_MSGSEND = YES;
				ENABLE_USER_SCRIPT_SANDBOXING = YES;
				GCC_C_LANGUAGE_STANDARD = gnu17;
				GCC_NO_COMMON_BLOCKS = YES;
				GCC_WARN_64_TO_32_BIT_CONVERSION = YES;
				GCC_WARN_ABOUT_RETURN_TYPE = YES_ERROR;
				GCC_WARN_UNDECLARED_SELECTOR = YES;
				GCC_WARN_UNINITIALIZED_AUTOS = YES_AGGRESSIVE;
				GCC_WARN_UNUSED_FUNCTION = YES;
				GCC_WARN_UNUSED_VARIABLE = YES;
				IPHONEOS_DEPLOYMENT_TARGET = 17.5;
				LOCALIZATION_PREFERS_STRING_CATALOGS = YES;
				MTL_ENABLE_DEBUG_INFO = NO;
				MTL_FAST_MATH = YES;
				SDKROOT = iphoneos;
				VALIDATE_PRODUCT = YES;
			};
			name = Release;
		};
		77B813602D3644D3004AC43D /* Debug */ = {
			isa = XCBuildConfiguration;
			buildSettings = {
				ASSETCATALOG_COMPILER_APPICON_NAME = AppIcon;
				ASSETCATALOG_COMPILER_GLOBAL_ACCENT_COLOR_NAME = AccentColor;
				CODE_SIGN_STYLE = Automatic;
				CURRENT_PROJECT_VERSION = 1;
				DEVELOPMENT_TEAM = T5CG98P673;
				GENERATE_INFOPLIST_FILE = YES;
				INFOPLIST_FILE = Tracker/Info.plist;
				INFOPLIST_KEY_UIApplicationSupportsIndirectInputEvents = YES;
				INFOPLIST_KEY_UILaunchStoryboardName = LaunchScreen;
				INFOPLIST_KEY_UIMainStoryboardFile = Main;
				INFOPLIST_KEY_UIStatusBarStyle = "";
				INFOPLIST_KEY_UISupportedInterfaceOrientations = "UIInterfaceOrientationLandscapeLeft UIInterfaceOrientationLandscapeRight UIInterfaceOrientationPortrait";
				LD_RUNPATH_SEARCH_PATHS = (
					"$(inherited)",
					"@executable_path/Frameworks",
				);
				MARKETING_VERSION = 1.0;
				PRODUCT_BUNDLE_IDENTIFIER = com.Tracker;
				PRODUCT_NAME = "$(TARGET_NAME)";
				SWIFT_EMIT_LOC_STRINGS = YES;
				TARGETED_DEVICE_FAMILY = "1,2";
			};
			name = Debug;
		};
		77B813612D3644D3004AC43D /* Release */ = {
			isa = XCBuildConfiguration;
			buildSettings = {
				ASSETCATALOG_COMPILER_APPICON_NAME = AppIcon;
				ASSETCATALOG_COMPILER_GLOBAL_ACCENT_COLOR_NAME = AccentColor;
				CODE_SIGN_STYLE = Automatic;
				CURRENT_PROJECT_VERSION = 1;
				DEVELOPMENT_TEAM = T5CG98P673;
				GENERATE_INFOPLIST_FILE = YES;
				INFOPLIST_FILE = Tracker/Info.plist;
				INFOPLIST_KEY_UIApplicationSupportsIndirectInputEvents = YES;
				INFOPLIST_KEY_UILaunchStoryboardName = LaunchScreen;
				INFOPLIST_KEY_UIMainStoryboardFile = Main;
				INFOPLIST_KEY_UIStatusBarStyle = "";
				INFOPLIST_KEY_UISupportedInterfaceOrientations = "UIInterfaceOrientationLandscapeLeft UIInterfaceOrientationLandscapeRight UIInterfaceOrientationPortrait";
				LD_RUNPATH_SEARCH_PATHS = (
					"$(inherited)",
					"@executable_path/Frameworks",
				);
				MARKETING_VERSION = 1.0;
				PRODUCT_BUNDLE_IDENTIFIER = com.Tracker;
				PRODUCT_NAME = "$(TARGET_NAME)";
				SWIFT_EMIT_LOC_STRINGS = YES;
				TARGETED_DEVICE_FAMILY = "1,2";
			};
			name = Release;
		};
/* End XCBuildConfiguration section */

/* Begin XCConfigurationList section */
		77B813412D3644D1004AC43D /* Build configuration list for PBXProject "Tracker" */ = {
			isa = XCConfigurationList;
			buildConfigurations = (
				77B8135D2D3644D3004AC43D /* Debug */,
				77B8135E2D3644D3004AC43D /* Release */,
			);
			defaultConfigurationIsVisible = 0;
			defaultConfigurationName = Release;
		};
		77B8135F2D3644D3004AC43D /* Build configuration list for PBXNativeTarget "Tracker" */ = {
			isa = XCConfigurationList;
			buildConfigurations = (
				77B813602D3644D3004AC43D /* Debug */,
				77B813612D3644D3004AC43D /* Release */,
			);
			defaultConfigurationIsVisible = 0;
			defaultConfigurationName = Release;
		};
/* End XCConfigurationList section */
	};
	rootObject = 77B8133E2D3644D1004AC43D /* Project object */;
}
